
Microsoft Visual Studio Solution File, Format Version 12.00
# Visual Studio Version 17
VisualStudioVersion = 17.5.33627.172
MinimumVisualStudioVersion = 10.0.40219.1
Project("{FAE04EC0-301F-11D3-BF4B-00C04F79EFBC}") = "ZenNotes.Android", "ZenNotes.Android\ZenNotes.Android.csproj", "{EBBAC453-6074-4988-8306-D3873FE55406}"
EndProject
Project("{FAE04EC0-301F-11D3-BF4B-00C04F79EFBC}") = "ZenNotes.iOS", "ZenNotes.iOS\ZenNotes.iOS.csproj", "{2CBCABC1-A83D-40EB-9E4D-77A8C9194FFC}"
EndProject
Project("{FAE04EC0-301F-11D3-BF4B-00C04F79EFBC}") = "ZenNotes", "ZenNotes\ZenNotes.csproj", "{B676C9AD-447D-4E43-8AD6-64D62A78F096}"
EndProject
Global
	GlobalSection(SolutionConfigurationPlatforms) = preSolution
		Debug|Any CPU = Debug|Any CPU
		Debug|iPhone = Debug|iPhone
		Debug|iPhoneSimulator = Debug|iPhoneSimulator
		Release|Any CPU = Release|Any CPU
		Release|iPhone = Release|iPhone
		Release|iPhoneSimulator = Release|iPhoneSimulator
	EndGlobalSection
	GlobalSection(ProjectConfigurationPlatforms) = postSolution
		{EBBAC453-6074-4988-8306-D3873FE55406}.Debug|Any CPU.ActiveCfg = Debug|Any CPU
		{EBBAC453-6074-4988-8306-D3873FE55406}.Debug|Any CPU.Build.0 = Debug|Any CPU
		{EBBAC453-6074-4988-8306-D3873FE55406}.Debug|Any CPU.Deploy.0 = Debug|Any CPU
		{EBBAC453-6074-4988-8306-D3873FE55406}.Debug|iPhone.ActiveCfg = Debug|Any CPU
		{EBBAC453-6074-4988-8306-D3873FE55406}.Debug|iPhone.Build.0 = Debug|Any CPU
		{EBBAC453-6074-4988-8306-D3873FE55406}.Debug|iPhone.Deploy.0 = Debug|Any CPU
		{EBBAC453-6074-4988-8306-D3873FE55406}.Debug|iPhoneSimulator.ActiveCfg = Debug|Any CPU
		{EBBAC453-6074-4988-8306-D3873FE55406}.Debug|iPhoneSimulator.Build.0 = Debug|Any CPU
		{EBBAC453-6074-4988-8306-D3873FE55406}.Debug|iPhoneSimulator.Deploy.0 = Debug|Any CPU
		{EBBAC453-6074-4988-8306-D3873FE55406}.Release|Any CPU.ActiveCfg = Release|Any CPU
		{EBBAC453-6074-4988-8306-D3873FE55406}.Release|Any CPU.Build.0 = Release|Any CPU
		{EBBAC453-6074-4988-8306-D3873FE55406}.Release|Any CPU.Deploy.0 = Release|Any CPU
		{EBBAC453-6074-4988-8306-D3873FE55406}.Release|iPhone.ActiveCfg = Release|Any CPU
		{EBBAC453-6074-4988-8306-D3873FE55406}.Release|iPhone.Build.0 = Release|Any CPU
		{EBBAC453-6074-4988-8306-D3873FE55406}.Release|iPhone.Deploy.0 = Release|Any CPU
		{EBBAC453-6074-4988-8306-D3873FE55406}.Release|iPhoneSimulator.ActiveCfg = Release|Any CPU
		{EBBAC453-6074-4988-8306-D3873FE55406}.Release|iPhoneSimulator.Build.0 = Release|Any CPU
		{EBBAC453-6074-4988-8306-D3873FE55406}.Release|iPhoneSimulator.Deploy.0 = Release|Any CPU
		{2CBCABC1-A83D-40EB-9E4D-77A8C9194FFC}.Debug|Any CPU.ActiveCfg = Debug|iPhone
		{2CBCABC1-A83D-40EB-9E4D-77A8C9194FFC}.Debug|Any CPU.Build.0 = Debug|iPhone
		{2CBCABC1-A83D-40EB-9E4D-77A8C9194FFC}.Debug|Any CPU.Deploy.0 = Debug|iPhone
		{2CBCABC1-A83D-40EB-9E4D-77A8C9194FFC}.Debug|iPhone.ActiveCfg = Debug|iPhone
		{2CBCABC1-A83D-40EB-9E4D-77A8C9194FFC}.Debug|iPhone.Build.0 = Debug|iPhone
		{2CBCABC1-A83D-40EB-9E4D-77A8C9194FFC}.Debug|iPhone.Deploy.0 = Debug|iPhone
		{2CBCABC1-A83D-40EB-9E4D-77A8C9194FFC}.Debug|iPhoneSimulator.ActiveCfg = Debug|iPhoneSimulator
		{2CBCABC1-A83D-40EB-9E4D-77A8C9194FFC}.Debug|iPhoneSimulator.Build.0 = Debug|iPhoneSimulator
		{2CBCABC1-A83D-40EB-9E4D-77A8C9194FFC}.Debug|iPhoneSimulator.Deploy.0 = Debug|iPhoneSimulator
		{2CBCABC1-A83D-40EB-9E4D-77A8C9194FFC}.Release|Any CPU.ActiveCfg = Release|iPhoneSimulator
		{2CBCABC1-A83D-40EB-9E4D-77A8C9194FFC}.Release|Any CPU.Build.0 = Release|iPhoneSimulator
		{2CBCABC1-A83D-40EB-9E4D-77A8C9194FFC}.Release|Any CPU.Deploy.0 = Release|iPhoneSimulator
		{2CBCABC1-A83D-40EB-9E4D-77A8C9194FFC}.Release|iPhone.ActiveCfg = Release|iPhone
		{2CBCABC1-A83D-40EB-9E4D-77A8C9194FFC}.Release|iPhone.Build.0 = Release|iPhone
		{2CBCABC1-A83D-40EB-9E4D-77A8C9194FFC}.Release|iPhone.Deploy.0 = Release|iPhone
		{2CBCABC1-A83D-40EB-9E4D-77A8C9194FFC}.Release|iPhoneSimulator.ActiveCfg = Release|iPhoneSimulator
		{2CBCABC1-A83D-40EB-9E4D-77A8C9194FFC}.Release|iPhoneSimulator.Build.0 = Release|iPhoneSimulator
		{2CBCABC1-A83D-40EB-9E4D-77A8C9194FFC}.Release|iPhoneSimulator.Deploy.0 = Release|iPhoneSimulator
		{B676C9AD-447D-4E43-8AD6-64D62A78F096}.Debug|Any CPU.ActiveCfg = Debug|Any CPU
		{B676C9AD-447D-4E43-8AD6-64D62A78F096}.Debug|Any CPU.Build.0 = Debug|Any CPU
		{B676C9AD-447D-4E43-8AD6-64D62A78F096}.Debug|Any CPU.Deploy.0 = Debug|Any CPU
		{B676C9AD-447D-4E43-8AD6-64D62A78F096}.Debug|iPhone.ActiveCfg = Debug|Any CPU
		{B676C9AD-447D-4E43-8AD6-64D62A78F096}.Debug|iPhone.Build.0 = Debug|Any CPU
		{B676C9AD-447D-4E43-8AD6-64D62A78F096}.Debug|iPhone.Deploy.0 = Debug|Any CPU
		{B676C9AD-447D-4E43-8AD6-64D62A78F096}.Debug|iPhoneSimulator.ActiveCfg = Debug|Any CPU
		{B676C9AD-447D-4E43-8AD6-64D62A78F096}.Debug|iPhoneSimulator.Build.0 = Debug|Any CPU
		{B676C9AD-447D-4E43-8AD6-64D62A78F096}.Debug|iPhoneSimulator.Deploy.0 = Debug|Any CPU
		{B676C9AD-447D-4E43-8AD6-64D62A78F096}.Release|Any CPU.ActiveCfg = Release|Any CPU
		{B676C9AD-447D-4E43-8AD6-64D62A78F096}.Release|Any CPU.Build.0 = Release|Any CPU
		{B676C9AD-447D-4E43-8AD6-64D62A78F096}.Release|Any CPU.Deploy.0 = Release|Any CPU
		{B676C9AD-447D-4E43-8AD6-64D62A78F096}.Release|iPhone.ActiveCfg = Release|Any CPU
		{B676C9AD-447D-4E43-8AD6-64D62A78F096}.Release|iPhone.Build.0 = Release|Any CPU
		{B676C9AD-447D-4E43-8AD6-64D62A78F096}.Release|iPhone.Deploy.0 = Release|Any CPU
		{B676C9AD-447D-4E43-8AD6-64D62A78F096}.Release|iPhoneSimulator.ActiveCfg = Release|Any CPU
		{B676C9AD-447D-4E43-8AD6-64D62A78F096}.Release|iPhoneSimulator.Build.0 = Release|Any CPU
		{B676C9AD-447D-4E43-8AD6-64D62A78F096}.Release|iPhoneSimulator.Deploy.0 = Release|Any CPU
	EndGlobalSection
	GlobalSection(SolutionProperties) = preSolution
		HideSolutionNode = FALSE
	EndGlobalSection
	GlobalSection(ExtensibilityGlobals) = postSolution
		SolutionGuid = {327EBAA1-0126-4D3E-A7FF-9A7A0236F0F4}
	EndGlobalSection
EndGlobal
